
Microsoft Visual Studio Solution File, Format Version 12.00
# Visual Studio Version 17
VisualStudioVersion = 17.9.34714.143
MinimumVisualStudioVersion = 10.0.40219.1
Project("{FAE04EC0-301F-11D3-BF4B-00C04F79EFBC}") = "Student_Bots", "Student_Bots\Student_Bots.csproj", "{3480593A-42DE-42B3-995C-C95471DAB206}"
EndProject
Global
	GlobalSection(SolutionConfigurationPlatforms) = preSolution
		Debug|Any CPU = Debug|Any CPU
		Release|Any CPU = Release|Any CPU
	EndGlobalSection
	GlobalSection(ProjectConfigurationPlatforms) = postSolution
		{3480593A-42DE-42B3-995C-C95471DAB206}.Debug|Any CPU.ActiveCfg = Debug|Any CPU
		{3480593A-42DE-42B3-995C-C95471DAB206}.Debug|Any CPU.Build.0 = Debug|Any CPU
		{3480593A-42DE-42B3-995C-C95471DAB206}.Release|Any CPU.ActiveCfg = Release|Any CPU
		{3480593A-42DE-42B3-995C-C95471DAB206}.Release|Any CPU.Build.0 = Release|Any CPU
	EndGlobalSection
	GlobalSection(SolutionProperties) = preSolution
		HideSolutionNode = FALSE
	EndGlobalSection
	GlobalSection(ExtensibilityGlobals) = postSolution
		SolutionGuid = {141AF667-90D3-4651-AA7C-9D09693BEB19}
	EndGlobalSection
EndGlobal
